// !$*UTF8*$!
{
	archiveVersion = 1;
	classes = {
	};
	objectVersion = 50;
	objects = {

/* Begin PBXBuildFile section */
		A56E14FB2385D8DF0053E312 /* AppDelegate.swift in Sources */ = {isa = PBXBuildFile; fileRef = A56E14FA2385D8DF0053E312 /* AppDelegate.swift */; };
		A56E14FD2385D8DF0053E312 /* SceneDelegate.swift in Sources */ = {isa = PBXBuildFile; fileRef = A56E14FC2385D8DF0053E312 /* SceneDelegate.swift */; };
		A56E14FF2385D8DF0053E312 /* ViewController.swift in Sources */ = {isa = PBXBuildFile; fileRef = A56E14FE2385D8DF0053E312 /* ViewController.swift */; };
		A56E15022385D8DF0053E312 /* Main.storyboard in Resources */ = {isa = PBXBuildFile; fileRef = A56E15002385D8DF0053E312 /* Main.storyboard */; };
		A56E15042385D8E00053E312 /* Assets.xcassets in Resources */ = {isa = PBXBuildFile; fileRef = A56E15032385D8E00053E312 /* Assets.xcassets */; };
		A56E15072385D8E00053E312 /* LaunchScreen.storyboard in Resources */ = {isa = PBXBuildFile; fileRef = A56E15052385D8E00053E312 /* LaunchScreen.storyboard */; };
		A56E15102385DBDD0053E312 /* Card.swift in Sources */ = {isa = PBXBuildFile; fileRef = A56E150F2385DBDD0053E312 /* Card.swift */; };
		A56E15122385DDF90053E312 /* FindTheSet.swift in Sources */ = {isa = PBXBuildFile; fileRef = A56E15112385DDF90053E312 /* FindTheSet.swift */; };
/* End PBXBuildFile section */

/* Begin PBXFileReference section */
		A56E14F72385D8DF0053E312 /* FindTheSet.app */ = {isa = PBXFileReference; explicitFileType = wrapper.application; includeInIndex = 0; path = FindTheSet.app; sourceTree = BUILT_PRODUCTS_DIR; };
		A56E14FA2385D8DF0053E312 /* AppDelegate.swift */ = {isa = PBXFileReference; lastKnownFileType = sourcecode.swift; path = AppDelegate.swift; sourceTree = "<group>"; };
		A56E14FC2385D8DF0053E312 /* SceneDelegate.swift */ = {isa = PBXFileReference; lastKnownFileType = sourcecode.swift; path = SceneDelegate.swift; sourceTree = "<group>"; };
		A56E14FE2385D8DF0053E312 /* ViewController.swift */ = {isa = PBXFileReference; lastKnownFileType = sourcecode.swift; path = ViewController.swift; sourceTree = "<group>"; };
		A56E15012385D8DF0053E312 /* Base */ = {isa = PBXFileReference; lastKnownFileType = file.storyboard; name = Base; path = Base.lproj/Main.storyboard; sourceTree = "<group>"; };
		A56E15032385D8E00053E312 /* Assets.xcassets */ = {isa = PBXFileReference; lastKnownFileType = folder.assetcatalog; path = Assets.xcassets; sourceTree = "<group>"; };
		A56E15062385D8E00053E312 /* Base */ = {isa = PBXFileReference; lastKnownFileType = file.storyboard; name = Base; path = Base.lproj/LaunchScreen.storyboard; sourceTree = "<group>"; };
		A56E15082385D8E00053E312 /* Info.plist */ = {isa = PBXFileReference; lastKnownFileType = text.plist.xml; path = Info.plist; sourceTree = "<group>"; };
		A56E150F2385DBDD0053E312 /* Card.swift */ = {isa = PBXFileReference; lastKnownFileType = sourcecode.swift; path = Card.swift; sourceTree = "<group>"; };
		A56E15112385DDF90053E312 /* FindTheSet.swift */ = {isa = PBXFileReference; lastKnownFileType = sourcecode.swift; path = FindTheSet.swift; sourceTree = "<group>"; };
/* End PBXFileReference section */

/* Begin PBXFrameworksBuildPhase section */
		A56E14F42385D8DF0053E312 /* Frameworks */ = {
			isa = PBXFrameworksBuildPhase;
			buildActionMask = 2147483647;
			files = (
			);
			runOnlyForDeploymentPostprocessing = 0;
		};
/* End PBXFrameworksBuildPhase section */

/* Begin PBXGroup section */
		A56E14EE2385D8DF0053E312 = {
			isa = PBXGroup;
			children = (
				A56E14F92385D8DF0053E312 /* FindTheSet */,
				A56E14F82385D8DF0053E312 /* Products */,
			);
			sourceTree = "<group>";
		};
		A56E14F82385D8DF0053E312 /* Products */ = {
			isa = PBXGroup;
			children = (
				A56E14F72385D8DF0053E312 /* FindTheSet.app */,
			);
			name = Products;
			sourceTree = "<group>";
		};
		A56E14F92385D8DF0053E312 /* FindTheSet */ = {
			isa = PBXGroup;
			children = (
				A56E14FE2385D8DF0053E312 /* ViewController.swift */,
				A56E15002385D8DF0053E312 /* Main.storyboard */,
				A56E150F2385DBDD0053E312 /* Card.swift */,
				A56E15112385DDF90053E312 /* FindTheSet.swift */,
				A56E150E2385D8F00053E312 /* Supporting Files */,
				A56E15082385D8E00053E312 /* Info.plist */,
			);
			path = FindTheSet;
			sourceTree = "<group>";
		};
		A56E150E2385D8F00053E312 /* Supporting Files */ = {
			isa = PBXGroup;
			children = (
				A56E14FA2385D8DF0053E312 /* AppDelegate.swift */,
				A56E14FC2385D8DF0053E312 /* SceneDelegate.swift */,
				A56E15032385D8E00053E312 /* Assets.xcassets */,
				A56E15052385D8E00053E312 /* LaunchScreen.storyboard */,
			);
			path = "Supporting Files";
			sourceTree = "<group>";
		};
/* End PBXGroup section */

/* Begin PBXNativeTarget section */
		A56E14F62385D8DF0053E312 /* FindTheSet */ = {
			isa = PBXNativeTarget;
			buildConfigurationList = A56E150B2385D8E00053E312 /* Build configuration list for PBXNativeTarget "FindTheSet" */;
			buildPhases = (
				A56E14F32385D8DF0053E312 /* Sources */,
				A56E14F42385D8DF0053E312 /* Frameworks */,
				A56E14F52385D8DF0053E312 /* Resources */,
			);
			buildRules = (
			);
			dependencies = (
			);
			name = FindTheSet;
			productName = FindTheSet;
			productReference = A56E14F72385D8DF0053E312 /* FindTheSet.app */;
			productType = "com.apple.product-type.application";
		};
/* End PBXNativeTarget section */

/* Begin PBXProject section */
		A56E14EF2385D8DF0053E312 /* Project object */ = {
			isa = PBXProject;
			attributes = {
				LastSwiftUpdateCheck = 1100;
				LastUpgradeCheck = 1100;
				ORGANIZATIONNAME = pedro.h.sobral;
				TargetAttributes = {
					A56E14F62385D8DF0053E312 = {
						CreatedOnToolsVersion = 11.0;
					};
				};
			};
			buildConfigurationList = A56E14F22385D8DF0053E312 /* Build configuration list for PBXProject "FindTheSet" */;
			compatibilityVersion = "Xcode 9.3";
			developmentRegion = en;
			hasScannedForEncodings = 0;
			knownRegions = (
				en,
				Base,
			);
			mainGroup = A56E14EE2385D8DF0053E312;
			productRefGroup = A56E14F82385D8DF0053E312 /* Products */;
			projectDirPath = "";
			projectRoot = "";
			targets = (
				A56E14F62385D8DF0053E312 /* FindTheSet */,
			);
		};
/* End PBXProject section */

/* Begin PBXResourcesBuildPhase section */
		A56E14F52385D8DF0053E312 /* Resources */ = {
			isa = PBXResourcesBuildPhase;
			buildActionMask = 2147483647;
			files = (
				A56E15072385D8E00053E312 /* LaunchScreen.storyboard in Resources */,
				A56E15042385D8E00053E312 /* Assets.xcassets in Resources */,
				A56E15022385D8DF0053E312 /* Main.storyboard in Resources */,
			);
			runOnlyForDeploymentPostprocessing = 0;
		};
/* End PBXResourcesBuildPhase section */

/* Begin PBXSourcesBuildPhase section */
		A56E14F32385D8DF0053E312 /* Sources */ = {
			isa = PBXSourcesBuildPhase;
			buildActionMask = 2147483647;
			files = (
				A56E14FF2385D8DF0053E312 /* ViewController.swift in Sources */,
				A56E14FB2385D8DF0053E312 /* AppDelegate.swift in Sources */,
				A56E15122385DDF90053E312 /* FindTheSet.swift in Sources */,
				A56E14FD2385D8DF0053E312 /* SceneDelegate.swift in Sources */,
				A56E15102385DBDD0053E312 /* Card.swift in Sources */,
			);
			runOnlyForDeploymentPostprocessing = 0;
		};
/* End PBXSourcesBuildPhase section */

/* Begin PBXVariantGroup section */
		A56E15002385D8DF0053E312 /* Main.storyboard */ = {
			isa = PBXVariantGroup;
			children = (
				A56E15012385D8DF0053E312 /* Base */,
			);
			name = Main.storyboard;
			sourceTree = "<group>";
		};
		A56E15052385D8E00053E312 /* LaunchScreen.storyboard */ = {
			isa = PBXVariantGroup;
			children = (
				A56E15062385D8E00053E312 /* Base */,
			);
			name = LaunchScreen.storyboard;
			sourceTree = "<group>";
		};
/* End PBXVariantGroup section */

/* Begin XCBuildConfiguration section */
		A56E15092385D8E00053E312 /* Debug */ = {
			isa = XCBuildConfiguration;
			buildSettings = {
				ALWAYS_SEARCH_USER_PATHS = NO;
				CLANG_ANALYZER_NONNULL = YES;
				CLANG_ANALYZER_NUMBER_OBJECT_CONVERSION = YES_AGGRESSIVE;
				CLANG_CXX_LANGUAGE_STANDARD = "gnu++14";
				CLANG_CXX_LIBRARY = "libc++";
				CLANG_ENABLE_MODULES = YES;
				CLANG_ENABLE_OBJC_ARC = YES;
				CLANG_ENABLE_OBJC_WEAK = YES;
				CLANG_WARN_BLOCK_CAPTURE_AUTORELEASING = YES;
				CLANG_WARN_BOOL_CONVERSION = YES;
				CLANG_WARN_COMMA = YES;
				CLANG_WARN_CONSTANT_CONVERSION = YES;
				CLANG_WARN_DEPRECATED_OBJC_IMPLEMENTATIONS = YES;
				CLANG_WARN_DIRECT_OBJC_ISA_USAGE = YES_ERROR;
				CLANG_WARN_DOCUMENTATION_COMMENTS = YES;
				CLANG_WARN_EMPTY_BODY = YES;
				CLANG_WARN_ENUM_CONVERSION = YES;
				CLANG_WARN_INFINITE_RECURSION = YES;
				CLANG_WARN_INT_CONVERSION = YES;
				CLANG_WARN_NON_LITERAL_NULL_CONVERSION = YES;
				CLANG_WARN_OBJC_IMPLICIT_RETAIN_SELF = YES;
				CLANG_WARN_OBJC_LITERAL_CONVERSION = YES;
				CLANG_WARN_OBJC_ROOT_CLASS = YES_ERROR;
				CLANG_WARN_RANGE_LOOP_ANALYSIS = YES;
				CLANG_WARN_STRICT_PROTOTYPES = YES;
				CLANG_WARN_SUSPICIOUS_MOVE = YES;
				CLANG_WARN_UNGUARDED_AVAILABILITY = YES_AGGRESSIVE;
				CLANG_WARN_UNREACHABLE_CODE = YES;
				CLANG_WARN__DUPLICATE_METHOD_MATCH = YES;
				COPY_PHASE_STRIP = NO;
				DEBUG_INFORMATION_FORMAT = dwarf;
				ENABLE_STRICT_OBJC_MSGSEND = YES;
				ENABLE_TESTABILITY = YES;
				GCC_C_LANGUAGE_STANDARD = gnu11;
				GCC_DYNAMIC_NO_PIC = NO;
				GCC_NO_COMMON_BLOCKS = YES;
				GCC_OPTIMIZATION_LEVEL = 0;
				GCC_PREPROCESSOR_DEFINITIONS = (
					"DEBUG=1",
					"$(inherited)",
				);
				GCC_WARN_64_TO_32_BIT_CONVERSION = YES;
				GCC_WARN_ABOUT_RETURN_TYPE = YES_ERROR;
				GCC_WARN_UNDECLARED_SELECTOR = YES;
				GCC_WARN_UNINITIALIZED_AUTOS = YES_AGGRESSIVE;
				GCC_WARN_UNUSED_FUNCTION = YES;
				GCC_WARN_UNUSED_VARIABLE = YES;
				IPHONEOS_DEPLOYMENT_TARGET = 13.0;
				MTL_ENABLE_DEBUG_INFO = INCLUDE_SOURCE;
				MTL_FAST_MATH = YES;
				ONLY_ACTIVE_ARCH = YES;
				SDKROOT = iphoneos;
				SWIFT_ACTIVE_COMPILATION_CONDITIONS = DEBUG;
				SWIFT_OPTIMIZATION_LEVEL = "-Onone";
			};
			name = Debug;
		};
		A56E150A2385D8E00053E312 /* Release */ = {
			isa = XCBuildConfiguration;
			buildSettings = {
				ALWAYS_SEARCH_USER_PATHS = NO;
				CLANG_ANALYZER_NONNULL = YES;
				CLANG_ANALYZER_NUMBER_OBJECT_CONVERSION = YES_AGGRESSIVE;
				CLANG_CXX_LANGUAGE_STANDARD = "gnu++14";
				CLANG_CXX_LIBRARY = "libc++";
				CLANG_ENABLE_MODULES = YES;
				CLANG_ENABLE_OBJC_ARC = YES;
				CLANG_ENABLE_OBJC_WEAK = YES;
				CLANG_WARN_BLOCK_CAPTURE_AUTORELEASING = YES;
				CLANG_WARN_BOOL_CONVERSION = YES;
				CLANG_WARN_COMMA = YES;
				CLANG_WARN_CONSTANT_CONVERSION = YES;
				CLANG_WARN_DEPRECATED_OBJC_IMPLEMENTATIONS = YES;
				CLANG_WARN_DIRECT_OBJC_ISA_USAGE = YES_ERROR;
				CLANG_WARN_DOCUMENTATION_COMMENTS = YES;
				CLANG_WARN_EMPTY_BODY = YES;
				CLANG_WARN_ENUM_CONVERSION = YES;
				CLANG_WARN_INFINITE_RECURSION = YES;
				CLANG_WARN_INT_CONVERSION = YES;
				CLANG_WARN_NON_LITERAL_NULL_CONVERSION = YES;
				CLANG_WARN_OBJC_IMPLICIT_RETAIN_SELF = YES;
				CLANG_WARN_OBJC_LITERAL_CONVERSION = YES;
				CLANG_WARN_OBJC_ROOT_CLASS = YES_ERROR;
				CLANG_WARN_RANGE_LOOP_ANALYSIS = YES;
				CLANG_WARN_STRICT_PROTOTYPES = YES;
				CLANG_WARN_SUSPICIOUS_MOVE = YES;
				CLANG_WARN_UNGUARDED_AVAILABILITY = YES_AGGRESSIVE;
				CLANG_WARN_UNREACHABLE_CODE = YES;
				CLANG_WARN__DUPLICATE_METHOD_MATCH = YES;
				COPY_PHASE_STRIP = NO;
				DEBUG_INFORMATION_FORMAT = "dwarf-with-dsym";
				ENABLE_NS_ASSERTIONS = NO;
				ENABLE_STRICT_OBJC_MSGSEND = YES;
				GCC_C_LANGUAGE_STANDARD = gnu11;
				GCC_NO_COMMON_BLOCKS = YES;
				GCC_WARN_64_TO_32_BIT_CONVERSION = YES;
				GCC_WARN_ABOUT_RETURN_TYPE = YES_ERROR;
				GCC_WARN_UNDECLARED_SELECTOR = YES;
				GCC_WARN_UNINITIALIZED_AUTOS = YES_AGGRESSIVE;
				GCC_WARN_UNUSED_FUNCTION = YES;
				GCC_WARN_UNUSED_VARIABLE = YES;
				IPHONEOS_DEPLOYMENT_TARGET = 13.0;
				MTL_ENABLE_DEBUG_INFO = NO;
				MTL_FAST_MATH = YES;
				SDKROOT = iphoneos;
				SWIFT_COMPILATION_MODE = wholemodule;
				SWIFT_OPTIMIZATION_LEVEL = "-O";
				VALIDATE_PRODUCT = YES;
			};
			name = Release;
		};
		A56E150C2385D8E00053E312 /* Debug */ = {
			isa = XCBuildConfiguration;
			buildSettings = {
				ASSETCATALOG_COMPILER_APPICON_NAME = AppIcon;
				CODE_SIGN_STYLE = Automatic;
				DEVELOPMENT_TEAM = KB742G6ZAN;
				INFOPLIST_FILE = FindTheSet/Info.plist;
				LD_RUNPATH_SEARCH_PATHS = (
					"$(inherited)",
					"@executable_path/Frameworks",
				);
				PRODUCT_BUNDLE_IDENTIFIER = apps.pedrosobral.FindTheSet;
				PRODUCT_NAME = "$(TARGET_NAME)";
				SWIFT_VERSION = 5.0;
				TARGETED_DEVICE_FAMILY = "1,2";
			};
			name = Debug;
		};
		A56E150D2385D8E00053E312 /* Release */ = {
			isa = XCBuildConfiguration;
			buildSettings = {
				ASSETCATALOG_COMPILER_APPICON_NAME = AppIcon;
				CODE_SIGN_STYLE = Automatic;
				DEVELOPMENT_TEAM = KB742G6ZAN;
				INFOPLIST_FILE = FindTheSet/Info.plist;
				LD_RUNPATH_SEARCH_PATHS = (
					"$(inherited)",
					"@executable_path/Frameworks",
				);
				PRODUCT_BUNDLE_IDENTIFIER = apps.pedrosobral.FindTheSet;
				PRODUCT_NAME = "$(TARGET_NAME)";
				SWIFT_VERSION = 5.0;
				TARGETED_DEVICE_FAMILY = "1,2";
			};
			name = Release;
		};
/* End XCBuildConfiguration section */

/* Begin XCConfigurationList section */
		A56E14F22385D8DF0053E312 /* Build configuration list for PBXProject "FindTheSet" */ = {
			isa = XCConfigurationList;
			buildConfigurations = (
				A56E15092385D8E00053E312 /* Debug */,
				A56E150A2385D8E00053E312 /* Release */,
			);
			defaultConfigurationIsVisible = 0;
			defaultConfigurationName = Release;
		};
		A56E150B2385D8E00053E312 /* Build configuration list for PBXNativeTarget "FindTheSet" */ = {
			isa = XCConfigurationList;
			buildConfigurations = (
				A56E150C2385D8E00053E312 /* Debug */,
				A56E150D2385D8E00053E312 /* Release */,
			);
			defaultConfigurationIsVisible = 0;
			defaultConfigurationName = Release;
		};
/* End XCConfigurationList section */
	};
	rootObject = A56E14EF2385D8DF0053E312 /* Project object */;
}
