// !$*UTF8*$!
{
	archiveVersion = 1;
	classes = {
	};
	objectVersion = 50;
	objects = {

/* Begin PBXBuildFile section */
		A550EE4F238A914700966842 /* AppDelegate.swift in Sources */ = {isa = PBXBuildFile; fileRef = A550EE4E238A914700966842 /* AppDelegate.swift */; };
		A550EE51238A914700966842 /* SceneDelegate.swift in Sources */ = {isa = PBXBuildFile; fileRef = A550EE50238A914700966842 /* SceneDelegate.swift */; };
		A550EE53238A914700966842 /* ViewController.swift in Sources */ = {isa = PBXBuildFile; fileRef = A550EE52238A914700966842 /* ViewController.swift */; };
		A550EE56238A914700966842 /* Main.storyboard in Resources */ = {isa = PBXBuildFile; fileRef = A550EE54238A914700966842 /* Main.storyboard */; };
		A550EE58238A914800966842 /* Assets.xcassets in Resources */ = {isa = PBXBuildFile; fileRef = A550EE57238A914800966842 /* Assets.xcassets */; };
		A550EE5B238A914800966842 /* LaunchScreen.storyboard in Resources */ = {isa = PBXBuildFile; fileRef = A550EE59238A914800966842 /* LaunchScreen.storyboard */; };
		A550EE64238A91C300966842 /* Card.swift in Sources */ = {isa = PBXBuildFile; fileRef = A550EE63238A91C300966842 /* Card.swift */; };
		A550EE66238A91DD00966842 /* FindTheSet.swift in Sources */ = {isa = PBXBuildFile; fileRef = A550EE65238A91DD00966842 /* FindTheSet.swift */; };
		A550EE68238A922700966842 /* CardView.swift in Sources */ = {isa = PBXBuildFile; fileRef = A550EE67238A922700966842 /* CardView.swift */; };
		A550EE6A238A930700966842 /* Grid.swift in Sources */ = {isa = PBXBuildFile; fileRef = A550EE69238A930700966842 /* Grid.swift */; };
		A550EE6C238AA1EA00966842 /* BoardView.swift in Sources */ = {isa = PBXBuildFile; fileRef = A550EE6B238AA1EA00966842 /* BoardView.swift */; };
/* End PBXBuildFile section */

/* Begin PBXFileReference section */
		A550EE4B238A914700966842 /* GraphicalFindTheSet.app */ = {isa = PBXFileReference; explicitFileType = wrapper.application; includeInIndex = 0; path = GraphicalFindTheSet.app; sourceTree = BUILT_PRODUCTS_DIR; };
		A550EE4E238A914700966842 /* AppDelegate.swift */ = {isa = PBXFileReference; lastKnownFileType = sourcecode.swift; path = AppDelegate.swift; sourceTree = "<group>"; };
		A550EE50238A914700966842 /* SceneDelegate.swift */ = {isa = PBXFileReference; lastKnownFileType = sourcecode.swift; path = SceneDelegate.swift; sourceTree = "<group>"; };
		A550EE52238A914700966842 /* ViewController.swift */ = {isa = PBXFileReference; lastKnownFileType = sourcecode.swift; path = ViewController.swift; sourceTree = "<group>"; };
		A550EE55238A914700966842 /* Base */ = {isa = PBXFileReference; lastKnownFileType = file.storyboard; name = Base; path = Base.lproj/Main.storyboard; sourceTree = "<group>"; };
		A550EE57238A914800966842 /* Assets.xcassets */ = {isa = PBXFileReference; lastKnownFileType = folder.assetcatalog; path = Assets.xcassets; sourceTree = "<group>"; };
		A550EE5A238A914800966842 /* Base */ = {isa = PBXFileReference; lastKnownFileType = file.storyboard; name = Base; path = Base.lproj/LaunchScreen.storyboard; sourceTree = "<group>"; };
		A550EE5C238A914800966842 /* Info.plist */ = {isa = PBXFileReference; lastKnownFileType = text.plist.xml; path = Info.plist; sourceTree = "<group>"; };
		A550EE63238A91C300966842 /* Card.swift */ = {isa = PBXFileReference; lastKnownFileType = sourcecode.swift; path = Card.swift; sourceTree = "<group>"; };
		A550EE65238A91DD00966842 /* FindTheSet.swift */ = {isa = PBXFileReference; lastKnownFileType = sourcecode.swift; path = FindTheSet.swift; sourceTree = "<group>"; };
		A550EE67238A922700966842 /* CardView.swift */ = {isa = PBXFileReference; lastKnownFileType = sourcecode.swift; path = CardView.swift; sourceTree = "<group>"; };
		A550EE69238A930700966842 /* Grid.swift */ = {isa = PBXFileReference; lastKnownFileType = sourcecode.swift; path = Grid.swift; sourceTree = "<group>"; };
		A550EE6B238AA1EA00966842 /* BoardView.swift */ = {isa = PBXFileReference; lastKnownFileType = sourcecode.swift; path = BoardView.swift; sourceTree = "<group>"; };
/* End PBXFileReference section */

/* Begin PBXFrameworksBuildPhase section */
		A550EE48238A914700966842 /* Frameworks */ = {
			isa = PBXFrameworksBuildPhase;
			buildActionMask = 2147483647;
			files = (
			);
			runOnlyForDeploymentPostprocessing = 0;
		};
/* End PBXFrameworksBuildPhase section */

/* Begin PBXGroup section */
		A550EE42238A914700966842 = {
			isa = PBXGroup;
			children = (
				A550EE4D238A914700966842 /* GraphicalFindTheSet */,
				A550EE4C238A914700966842 /* Products */,
			);
			sourceTree = "<group>";
		};
		A550EE4C238A914700966842 /* Products */ = {
			isa = PBXGroup;
			children = (
				A550EE4B238A914700966842 /* GraphicalFindTheSet.app */,
			);
			name = Products;
			sourceTree = "<group>";
		};
		A550EE4D238A914700966842 /* GraphicalFindTheSet */ = {
			isa = PBXGroup;
			children = (
				A550EE63238A91C300966842 /* Card.swift */,
				A550EE65238A91DD00966842 /* FindTheSet.swift */,
				A550EE69238A930700966842 /* Grid.swift */,
				A550EE67238A922700966842 /* CardView.swift */,
				A550EE52238A914700966842 /* ViewController.swift */,
				A550EE54238A914700966842 /* Main.storyboard */,
				A550EE6B238AA1EA00966842 /* BoardView.swift */,
				A550EE62238A918900966842 /* Supporting Files */,
				A550EE59238A914800966842 /* LaunchScreen.storyboard */,
				A550EE5C238A914800966842 /* Info.plist */,
			);
			path = GraphicalFindTheSet;
			sourceTree = "<group>";
		};
		A550EE62238A918900966842 /* Supporting Files */ = {
			isa = PBXGroup;
			children = (
				A550EE4E238A914700966842 /* AppDelegate.swift */,
				A550EE50238A914700966842 /* SceneDelegate.swift */,
				A550EE57238A914800966842 /* Assets.xcassets */,
			);
			path = "Supporting Files";
			sourceTree = "<group>";
		};
/* End PBXGroup section */

/* Begin PBXNativeTarget section */
		A550EE4A238A914700966842 /* GraphicalFindTheSet */ = {
			isa = PBXNativeTarget;
			buildConfigurationList = A550EE5F238A914800966842 /* Build configuration list for PBXNativeTarget "GraphicalFindTheSet" */;
			buildPhases = (
				A550EE47238A914700966842 /* Sources */,
				A550EE48238A914700966842 /* Frameworks */,
				A550EE49238A914700966842 /* Resources */,
			);
			buildRules = (
			);
			dependencies = (
			);
			name = GraphicalFindTheSet;
			productName = GraphicalFindTheSet;
			productReference = A550EE4B238A914700966842 /* GraphicalFindTheSet.app */;
			productType = "com.apple.product-type.application";
		};
/* End PBXNativeTarget section */

/* Begin PBXProject section */
		A550EE43238A914700966842 /* Project object */ = {
			isa = PBXProject;
			attributes = {
				LastSwiftUpdateCheck = 1100;
				LastUpgradeCheck = 1100;
				ORGANIZATIONNAME = pedro.h.sobral;
				TargetAttributes = {
					A550EE4A238A914700966842 = {
						CreatedOnToolsVersion = 11.0;
					};
				};
			};
			buildConfigurationList = A550EE46238A914700966842 /* Build configuration list for PBXProject "GraphicalFindTheSet" */;
			compatibilityVersion = "Xcode 9.3";
			developmentRegion = en;
			hasScannedForEncodings = 0;
			knownRegions = (
				en,
				Base,
			);
			mainGroup = A550EE42238A914700966842;
			productRefGroup = A550EE4C238A914700966842 /* Products */;
			projectDirPath = "";
			projectRoot = "";
			targets = (
				A550EE4A238A914700966842 /* GraphicalFindTheSet */,
			);
		};
/* End PBXProject section */

/* Begin PBXResourcesBuildPhase section */
		A550EE49238A914700966842 /* Resources */ = {
			isa = PBXResourcesBuildPhase;
			buildActionMask = 2147483647;
			files = (
				A550EE5B238A914800966842 /* LaunchScreen.storyboard in Resources */,
				A550EE58238A914800966842 /* Assets.xcassets in Resources */,
				A550EE56238A914700966842 /* Main.storyboard in Resources */,
			);
			runOnlyForDeploymentPostprocessing = 0;
		};
/* End PBXResourcesBuildPhase section */

/* Begin PBXSourcesBuildPhase section */
		A550EE47238A914700966842 /* Sources */ = {
			isa = PBXSourcesBuildPhase;
			buildActionMask = 2147483647;
			files = (
				A550EE53238A914700966842 /* ViewController.swift in Sources */,
				A550EE4F238A914700966842 /* AppDelegate.swift in Sources */,
				A550EE66238A91DD00966842 /* FindTheSet.swift in Sources */,
				A550EE51238A914700966842 /* SceneDelegate.swift in Sources */,
				A550EE68238A922700966842 /* CardView.swift in Sources */,
				A550EE6C238AA1EA00966842 /* BoardView.swift in Sources */,
				A550EE6A238A930700966842 /* Grid.swift in Sources */,
				A550EE64238A91C300966842 /* Card.swift in Sources */,
			);
			runOnlyForDeploymentPostprocessing = 0;
		};
/* End PBXSourcesBuildPhase section */

/* Begin PBXVariantGroup section */
		A550EE54238A914700966842 /* Main.storyboard */ = {
			isa = PBXVariantGroup;
			children = (
				A550EE55238A914700966842 /* Base */,
			);
			name = Main.storyboard;
			sourceTree = "<group>";
		};
		A550EE59238A914800966842 /* LaunchScreen.storyboard */ = {
			isa = PBXVariantGroup;
			children = (
				A550EE5A238A914800966842 /* Base */,
			);
			name = LaunchScreen.storyboard;
			sourceTree = "<group>";
		};
/* End PBXVariantGroup section */

/* Begin XCBuildConfiguration section */
		A550EE5D238A914800966842 /* Debug */ = {
			isa = XCBuildConfiguration;
			buildSettings = {
				ALWAYS_SEARCH_USER_PATHS = NO;
				CLANG_ANALYZER_NONNULL = YES;
				CLANG_ANALYZER_NUMBER_OBJECT_CONVERSION = YES_AGGRESSIVE;
				CLANG_CXX_LANGUAGE_STANDARD = "gnu++14";
				CLANG_CXX_LIBRARY = "libc++";
				CLANG_ENABLE_MODULES = YES;
				CLANG_ENABLE_OBJC_ARC = YES;
				CLANG_ENABLE_OBJC_WEAK = YES;
				CLANG_WARN_BLOCK_CAPTURE_AUTORELEASING = YES;
				CLANG_WARN_BOOL_CONVERSION = YES;
				CLANG_WARN_COMMA = YES;
				CLANG_WARN_CONSTANT_CONVERSION = YES;
				CLANG_WARN_DEPRECATED_OBJC_IMPLEMENTATIONS = YES;
				CLANG_WARN_DIRECT_OBJC_ISA_USAGE = YES_ERROR;
				CLANG_WARN_DOCUMENTATION_COMMENTS = YES;
				CLANG_WARN_EMPTY_BODY = YES;
				CLANG_WARN_ENUM_CONVERSION = YES;
				CLANG_WARN_INFINITE_RECURSION = YES;
				CLANG_WARN_INT_CONVERSION = YES;
				CLANG_WARN_NON_LITERAL_NULL_CONVERSION = YES;
				CLANG_WARN_OBJC_IMPLICIT_RETAIN_SELF = YES;
				CLANG_WARN_OBJC_LITERAL_CONVERSION = YES;
				CLANG_WARN_OBJC_ROOT_CLASS = YES_ERROR;
				CLANG_WARN_RANGE_LOOP_ANALYSIS = YES;
				CLANG_WARN_STRICT_PROTOTYPES = YES;
				CLANG_WARN_SUSPICIOUS_MOVE = YES;
				CLANG_WARN_UNGUARDED_AVAILABILITY = YES_AGGRESSIVE;
				CLANG_WARN_UNREACHABLE_CODE = YES;
				CLANG_WARN__DUPLICATE_METHOD_MATCH = YES;
				COPY_PHASE_STRIP = NO;
				DEBUG_INFORMATION_FORMAT = dwarf;
				ENABLE_STRICT_OBJC_MSGSEND = YES;
				ENABLE_TESTABILITY = YES;
				GCC_C_LANGUAGE_STANDARD = gnu11;
				GCC_DYNAMIC_NO_PIC = NO;
				GCC_NO_COMMON_BLOCKS = YES;
				GCC_OPTIMIZATION_LEVEL = 0;
				GCC_PREPROCESSOR_DEFINITIONS = (
					"DEBUG=1",
					"$(inherited)",
				);
				GCC_WARN_64_TO_32_BIT_CONVERSION = YES;
				GCC_WARN_ABOUT_RETURN_TYPE = YES_ERROR;
				GCC_WARN_UNDECLARED_SELECTOR = YES;
				GCC_WARN_UNINITIALIZED_AUTOS = YES_AGGRESSIVE;
				GCC_WARN_UNUSED_FUNCTION = YES;
				GCC_WARN_UNUSED_VARIABLE = YES;
				IPHONEOS_DEPLOYMENT_TARGET = 13.0;
				MTL_ENABLE_DEBUG_INFO = INCLUDE_SOURCE;
				MTL_FAST_MATH = YES;
				ONLY_ACTIVE_ARCH = YES;
				SDKROOT = iphoneos;
				SWIFT_ACTIVE_COMPILATION_CONDITIONS = DEBUG;
				SWIFT_OPTIMIZATION_LEVEL = "-Onone";
			};
			name = Debug;
		};
		A550EE5E238A914800966842 /* Release */ = {
			isa = XCBuildConfiguration;
			buildSettings = {
				ALWAYS_SEARCH_USER_PATHS = NO;
				CLANG_ANALYZER_NONNULL = YES;
				CLANG_ANALYZER_NUMBER_OBJECT_CONVERSION = YES_AGGRESSIVE;
				CLANG_CXX_LANGUAGE_STANDARD = "gnu++14";
				CLANG_CXX_LIBRARY = "libc++";
				CLANG_ENABLE_MODULES = YES;
				CLANG_ENABLE_OBJC_ARC = YES;
				CLANG_ENABLE_OBJC_WEAK = YES;
				CLANG_WARN_BLOCK_CAPTURE_AUTORELEASING = YES;
				CLANG_WARN_BOOL_CONVERSION = YES;
				CLANG_WARN_COMMA = YES;
				CLANG_WARN_CONSTANT_CONVERSION = YES;
				CLANG_WARN_DEPRECATED_OBJC_IMPLEMENTATIONS = YES;
				CLANG_WARN_DIRECT_OBJC_ISA_USAGE = YES_ERROR;
				CLANG_WARN_DOCUMENTATION_COMMENTS = YES;
				CLANG_WARN_EMPTY_BODY = YES;
				CLANG_WARN_ENUM_CONVERSION = YES;
				CLANG_WARN_INFINITE_RECURSION = YES;
				CLANG_WARN_INT_CONVERSION = YES;
				CLANG_WARN_NON_LITERAL_NULL_CONVERSION = YES;
				CLANG_WARN_OBJC_IMPLICIT_RETAIN_SELF = YES;
				CLANG_WARN_OBJC_LITERAL_CONVERSION = YES;
				CLANG_WARN_OBJC_ROOT_CLASS = YES_ERROR;
				CLANG_WARN_RANGE_LOOP_ANALYSIS = YES;
				CLANG_WARN_STRICT_PROTOTYPES = YES;
				CLANG_WARN_SUSPICIOUS_MOVE = YES;
				CLANG_WARN_UNGUARDED_AVAILABILITY = YES_AGGRESSIVE;
				CLANG_WARN_UNREACHABLE_CODE = YES;
				CLANG_WARN__DUPLICATE_METHOD_MATCH = YES;
				COPY_PHASE_STRIP = NO;
				DEBUG_INFORMATION_FORMAT = "dwarf-with-dsym";
				ENABLE_NS_ASSERTIONS = NO;
				ENABLE_STRICT_OBJC_MSGSEND = YES;
				GCC_C_LANGUAGE_STANDARD = gnu11;
				GCC_NO_COMMON_BLOCKS = YES;
				GCC_WARN_64_TO_32_BIT_CONVERSION = YES;
				GCC_WARN_ABOUT_RETURN_TYPE = YES_ERROR;
				GCC_WARN_UNDECLARED_SELECTOR = YES;
				GCC_WARN_UNINITIALIZED_AUTOS = YES_AGGRESSIVE;
				GCC_WARN_UNUSED_FUNCTION = YES;
				GCC_WARN_UNUSED_VARIABLE = YES;
				IPHONEOS_DEPLOYMENT_TARGET = 13.0;
				MTL_ENABLE_DEBUG_INFO = NO;
				MTL_FAST_MATH = YES;
				SDKROOT = iphoneos;
				SWIFT_COMPILATION_MODE = wholemodule;
				SWIFT_OPTIMIZATION_LEVEL = "-O";
				VALIDATE_PRODUCT = YES;
			};
			name = Release;
		};
		A550EE60238A914800966842 /* Debug */ = {
			isa = XCBuildConfiguration;
			buildSettings = {
				ASSETCATALOG_COMPILER_APPICON_NAME = AppIcon;
				CODE_SIGN_STYLE = Automatic;
				DEVELOPMENT_TEAM = G962WYR4V8;
				INFOPLIST_FILE = GraphicalFindTheSet/Info.plist;
				IPHONEOS_DEPLOYMENT_TARGET = 10.0;
				LD_RUNPATH_SEARCH_PATHS = (
					"$(inherited)",
					"@executable_path/Frameworks",
				);
				PRODUCT_BUNDLE_IDENTIFIER = apps.pedrosobral.GraphicalFindTheSet;
				PRODUCT_NAME = "$(TARGET_NAME)";
				SWIFT_VERSION = 5.0;
				TARGETED_DEVICE_FAMILY = "1,2";
			};
			name = Debug;
		};
		A550EE61238A914800966842 /* Release */ = {
			isa = XCBuildConfiguration;
			buildSettings = {
				ASSETCATALOG_COMPILER_APPICON_NAME = AppIcon;
				CODE_SIGN_STYLE = Automatic;
				DEVELOPMENT_TEAM = G962WYR4V8;
				INFOPLIST_FILE = GraphicalFindTheSet/Info.plist;
				IPHONEOS_DEPLOYMENT_TARGET = 10.0;
				LD_RUNPATH_SEARCH_PATHS = (
					"$(inherited)",
					"@executable_path/Frameworks",
				);
				PRODUCT_BUNDLE_IDENTIFIER = apps.pedrosobral.GraphicalFindTheSet;
				PRODUCT_NAME = "$(TARGET_NAME)";
				SWIFT_VERSION = 5.0;
				TARGETED_DEVICE_FAMILY = "1,2";
			};
			name = Release;
		};
/* End XCBuildConfiguration section */

/* Begin XCConfigurationList section */
		A550EE46238A914700966842 /* Build configuration list for PBXProject "GraphicalFindTheSet" */ = {
			isa = XCConfigurationList;
			buildConfigurations = (
				A550EE5D238A914800966842 /* Debug */,
				A550EE5E238A914800966842 /* Release */,
			);
			defaultConfigurationIsVisible = 0;
			defaultConfigurationName = Release;
		};
		A550EE5F238A914800966842 /* Build configuration list for PBXNativeTarget "GraphicalFindTheSet" */ = {
			isa = XCConfigurationList;
			buildConfigurations = (
				A550EE60238A914800966842 /* Debug */,
				A550EE61238A914800966842 /* Release */,
			);
			defaultConfigurationIsVisible = 0;
			defaultConfigurationName = Release;
		};
/* End XCConfigurationList section */
	};
	rootObject = A550EE43238A914700966842 /* Project object */;
}
